
Microsoft Visual Studio Solution File, Format Version 12.00
# Visual Studio Version 17
VisualStudioVersion = 17.8.34330.188
MinimumVisualStudioVersion = 10.0.40219.1
Project("{9A19103F-16F7-4668-BE54-9A1E7A4F7556}") = "SaladimHelper", "SaladimHelper\SaladimHelper.csproj", "{ACE974C3-F427-4157-89BC-286970DB0BD9}"
EndProject
Global
	GlobalSection(SolutionConfigurationPlatforms) = preSolution
		Debug|Any CPU = Debug|Any CPU
		Release|Any CPU = Release|Any CPU
	EndGlobalSection
	GlobalSection(ProjectConfigurationPlatforms) = postSolution
		{ACE974C3-F427-4157-89BC-286970DB0BD9}.Debug|Any CPU.ActiveCfg = Debug|x86
		{ACE974C3-F427-4157-89BC-286970DB0BD9}.Debug|Any CPU.Build.0 = Debug|x86
		{ACE974C3-F427-4157-89BC-286970DB0BD9}.Release|Any CPU.ActiveCfg = Release|x86
	EndGlobalSection
	GlobalSection(SolutionProperties) = preSolution
		HideSolutionNode = FALSE
	EndGlobalSection
	GlobalSection(ExtensibilityGlobals) = postSolution
		SolutionGuid = {B8A8AE55-6257-465A-BCA2-AD066ED294A9}
	EndGlobalSection
EndGlobal
