
Microsoft Visual Studio Solution File, Format Version 12.00
# Visual Studio Version 17
VisualStudioVersion = 17.8.34330.188
MinimumVisualStudioVersion = 10.0.40219.1
Project("{9A19103F-16F7-4668-BE54-9A1E7A4F7556}") = "SaladimHelper", "SaladimHelper\SaladimHelper.csproj", "{33451741-5BF1-45AD-B502-F0233217C71B}"
EndProject
Global
	GlobalSection(SolutionConfigurationPlatforms) = preSolution
		Debug|x86 = Debug|x86
		Release|x86 = Release|x86
	EndGlobalSection
	GlobalSection(ProjectConfigurationPlatforms) = postSolution
		{33451741-5BF1-45AD-B502-F0233217C71B}.Debug|x86.ActiveCfg = Debug|x86
		{33451741-5BF1-45AD-B502-F0233217C71B}.Debug|x86.Build.0 = Debug|x86
		{33451741-5BF1-45AD-B502-F0233217C71B}.Release|x86.ActiveCfg = Release|x86
		{33451741-5BF1-45AD-B502-F0233217C71B}.Release|x86.Build.0 = Release|x86
	EndGlobalSection
	GlobalSection(SolutionProperties) = preSolution
		HideSolutionNode = FALSE
	EndGlobalSection
	GlobalSection(ExtensibilityGlobals) = postSolution
		SolutionGuid = {93D9215A-8706-4A4F-9546-139BE6A94A87}
	EndGlobalSection
EndGlobal
